
Microsoft Visual Studio Solution File, Format Version 12.00
# Visual Studio 15
VisualStudioVersion = 15.0.28307.271
MinimumVisualStudioVersion = 10.0.40219.1
Project("{F184B08F-C81C-45F6-A57F-5ABD9991F28F}") = "Wall_Project1", "Wall_Project1.vbproj", "{F83055C6-F3EC-446B-B9CB-CE0E23763811}"
EndProject
Global
	GlobalSection(SolutionConfigurationPlatforms) = preSolution
		Debug|Any CPU = Debug|Any CPU
		Release|Any CPU = Release|Any CPU
	EndGlobalSection
	GlobalSection(ProjectConfigurationPlatforms) = postSolution
		{F83055C6-F3EC-446B-B9CB-CE0E23763811}.Debug|Any CPU.ActiveCfg = Debug|Any CPU
		{F83055C6-F3EC-446B-B9CB-CE0E23763811}.Debug|Any CPU.Build.0 = Debug|Any CPU
		{F83055C6-F3EC-446B-B9CB-CE0E23763811}.Release|Any CPU.ActiveCfg = Release|Any CPU
		{F83055C6-F3EC-446B-B9CB-CE0E23763811}.Release|Any CPU.Build.0 = Release|Any CPU
	EndGlobalSection
	GlobalSection(SolutionProperties) = preSolution
		HideSolutionNode = FALSE
	EndGlobalSection
	GlobalSection(ExtensibilityGlobals) = postSolution
		SolutionGuid = {4063FA4C-1377-49F2-A089-DF2D074A0533}
	EndGlobalSection
EndGlobal
